// !$*UTF8*$!
{
	archiveVersion = 1;
	classes = {
	};
	objectVersion = 56;
	objects = {

/* Begin PBXBuildFile section */
		B458AF252DCE51CA00CA8778 /* Assets.xcassets in Resources */ = {isa = PBXBuildFile; fileRef = B458AF242DCE51CA00CA8778 /* Assets.xcassets */; };
		B458AF282DCE51CA00CA8778 /* Preview Assets.xcassets in Resources */ = {isa = PBXBuildFile; fileRef = B458AF272DCE51CA00CA8778 /* Preview Assets.xcassets */; };
		B458AF322DCE51CA00CA8778 /* PhotocapTests.swift in Sources */ = {isa = PBXBuildFile; fileRef = B458AF312DCE51CA00CA8778 /* PhotocapTests.swift */; };
		B458AF3C2DCE51CA00CA8778 /* PhotocapUITests.swift in Sources */ = {isa = PBXBuildFile; fileRef = B458AF3B2DCE51CA00CA8778 /* PhotocapUITests.swift */; };
		B458AF3E2DCE51CA00CA8778 /* PhotocapUITestsLaunchTests.swift in Sources */ = {isa = PBXBuildFile; fileRef = B458AF3D2DCE51CA00CA8778 /* PhotocapUITestsLaunchTests.swift */; };
		B4FD7A642DCE955500E7FA40 /* Localizable.strings in Resources */ = {isa = PBXBuildFile; fileRef = B4FD7A632DCE955500E7FA40 /* Localizable.strings */; };
		B4FD7A822DD0E53F00E7FA40 /* CameraService.swift in Sources */ = {isa = PBXBuildFile; fileRef = B4FD7A812DD0E53F00E7FA40 /* CameraService.swift */; };
		B4FD7A842DD0E55700E7FA40 /* CameraPreview.swift in Sources */ = {isa = PBXBuildFile; fileRef = B4FD7A832DD0E55700E7FA40 /* CameraPreview.swift */; };
		B4FD7A862DD0E57300E7FA40 /* ContentView.swift in Sources */ = {isa = PBXBuildFile; fileRef = B4FD7A852DD0E57300E7FA40 /* ContentView.swift */; };
		B4FD7A882DD0E58800E7FA40 /* PhotocapApp.swift in Sources */ = {isa = PBXBuildFile; fileRef = B4FD7A872DD0E58800E7FA40 /* PhotocapApp.swift */; };
		B4FD7A8A2DD0F81800E7FA40 /* FramePicker.swift in Sources */ = {isa = PBXBuildFile; fileRef = B4FD7A892DD0F81800E7FA40 /* FramePicker.swift */; };
		B4FD7A8C2DD1080900E7FA40 /* ContentViewModel.swift in Sources */ = {isa = PBXBuildFile; fileRef = B4FD7A8B2DD1080900E7FA40 /* ContentViewModel.swift */; };
		B4FD7A8E2DD1084100E7FA40 /* CameraServiceTests.swift in Sources */ = {isa = PBXBuildFile; fileRef = B4FD7A8D2DD1084100E7FA40 /* CameraServiceTests.swift */; };
		B4FD7A902DD1087300E7FA40 /* ContentViewModelTests.swift in Sources */ = {isa = PBXBuildFile; fileRef = B4FD7A8F2DD1087300E7FA40 /* ContentViewModelTests.swift */; };
		B4FD7A942DD12DA700E7FA40 /* Constants.swift in Sources */ = {isa = PBXBuildFile; fileRef = B4FD7A932DD12DA700E7FA40 /* Constants.swift */; };
/* End PBXBuildFile section */

/* Begin PBXContainerItemProxy section */
		B458AF2E2DCE51CA00CA8778 /* PBXContainerItemProxy */ = {
			isa = PBXContainerItemProxy;
			containerPortal = B458AF152DCE51C800CA8778 /* Project object */;
			proxyType = 1;
			remoteGlobalIDString = B458AF1C2DCE51C900CA8778;
			remoteInfo = Photocap;
		};
		B458AF382DCE51CA00CA8778 /* PBXContainerItemProxy */ = {
			isa = PBXContainerItemProxy;
			containerPortal = B458AF152DCE51C800CA8778 /* Project object */;
			proxyType = 1;
			remoteGlobalIDString = B458AF1C2DCE51C900CA8778;
			remoteInfo = Photocap;
		};
/* End PBXContainerItemProxy section */

/* Begin PBXFileReference section */
		B458AF1D2DCE51C900CA8778 /* Photocap.app */ = {isa = PBXFileReference; explicitFileType = wrapper.application; includeInIndex = 0; path = Photocap.app; sourceTree = BUILT_PRODUCTS_DIR; };
		B458AF242DCE51CA00CA8778 /* Assets.xcassets */ = {isa = PBXFileReference; lastKnownFileType = folder.assetcatalog; path = Assets.xcassets; sourceTree = "<group>"; };
		B458AF272DCE51CA00CA8778 /* Preview Assets.xcassets */ = {isa = PBXFileReference; lastKnownFileType = folder.assetcatalog; path = "Preview Assets.xcassets"; sourceTree = "<group>"; };
		B458AF2D2DCE51CA00CA8778 /* PhotocapTests.xctest */ = {isa = PBXFileReference; explicitFileType = wrapper.cfbundle; includeInIndex = 0; path = PhotocapTests.xctest; sourceTree = BUILT_PRODUCTS_DIR; };
		B458AF312DCE51CA00CA8778 /* PhotocapTests.swift */ = {isa = PBXFileReference; lastKnownFileType = sourcecode.swift; path = PhotocapTests.swift; sourceTree = "<group>"; };
		B458AF372DCE51CA00CA8778 /* PhotocapUITests.xctest */ = {isa = PBXFileReference; explicitFileType = wrapper.cfbundle; includeInIndex = 0; path = PhotocapUITests.xctest; sourceTree = BUILT_PRODUCTS_DIR; };
		B458AF3B2DCE51CA00CA8778 /* PhotocapUITests.swift */ = {isa = PBXFileReference; lastKnownFileType = sourcecode.swift; path = PhotocapUITests.swift; sourceTree = "<group>"; };
		B458AF3D2DCE51CA00CA8778 /* PhotocapUITestsLaunchTests.swift */ = {isa = PBXFileReference; lastKnownFileType = sourcecode.swift; path = PhotocapUITestsLaunchTests.swift; sourceTree = "<group>"; };
		B4FD7A632DCE955500E7FA40 /* Localizable.strings */ = {isa = PBXFileReference; lastKnownFileType = text.plist.strings; path = Localizable.strings; sourceTree = "<group>"; };
		B4FD7A812DD0E53F00E7FA40 /* CameraService.swift */ = {isa = PBXFileReference; lastKnownFileType = sourcecode.swift; path = CameraService.swift; sourceTree = "<group>"; };
		B4FD7A832DD0E55700E7FA40 /* CameraPreview.swift */ = {isa = PBXFileReference; lastKnownFileType = sourcecode.swift; path = CameraPreview.swift; sourceTree = "<group>"; };
		B4FD7A852DD0E57300E7FA40 /* ContentView.swift */ = {isa = PBXFileReference; lastKnownFileType = sourcecode.swift; path = ContentView.swift; sourceTree = "<group>"; };
		B4FD7A872DD0E58800E7FA40 /* PhotocapApp.swift */ = {isa = PBXFileReference; lastKnownFileType = sourcecode.swift; path = PhotocapApp.swift; sourceTree = "<group>"; };
		B4FD7A892DD0F81800E7FA40 /* FramePicker.swift */ = {isa = PBXFileReference; lastKnownFileType = sourcecode.swift; path = FramePicker.swift; sourceTree = "<group>"; };
		B4FD7A8B2DD1080900E7FA40 /* ContentViewModel.swift */ = {isa = PBXFileReference; lastKnownFileType = sourcecode.swift; path = ContentViewModel.swift; sourceTree = "<group>"; };
		B4FD7A8D2DD1084100E7FA40 /* CameraServiceTests.swift */ = {isa = PBXFileReference; lastKnownFileType = sourcecode.swift; path = CameraServiceTests.swift; sourceTree = "<group>"; };
		B4FD7A8F2DD1087300E7FA40 /* ContentViewModelTests.swift */ = {isa = PBXFileReference; lastKnownFileType = sourcecode.swift; path = ContentViewModelTests.swift; sourceTree = "<group>"; };
		B4FD7A932DD12DA700E7FA40 /* Constants.swift */ = {isa = PBXFileReference; lastKnownFileType = sourcecode.swift; path = Constants.swift; sourceTree = "<group>"; };
/* End PBXFileReference section */

/* Begin PBXFrameworksBuildPhase section */
		B458AF1A2DCE51C900CA8778 /* Frameworks */ = {
			isa = PBXFrameworksBuildPhase;
			buildActionMask = 2147483647;
			files = (
			);
			runOnlyForDeploymentPostprocessing = 0;
		};
		B458AF2A2DCE51CA00CA8778 /* Frameworks */ = {
			isa = PBXFrameworksBuildPhase;
			buildActionMask = 2147483647;
			files = (
			);
			runOnlyForDeploymentPostprocessing = 0;
		};
		B458AF342DCE51CA00CA8778 /* Frameworks */ = {
			isa = PBXFrameworksBuildPhase;
			buildActionMask = 2147483647;
			files = (
			);
			runOnlyForDeploymentPostprocessing = 0;
		};
/* End PBXFrameworksBuildPhase section */

/* Begin PBXGroup section */
		B458AF142DCE51C800CA8778 = {
			isa = PBXGroup;
			children = (
				B458AF1F2DCE51C900CA8778 /* Photocap */,
				B458AF302DCE51CA00CA8778 /* PhotocapTests */,
				B458AF3A2DCE51CA00CA8778 /* PhotocapUITests */,
				B458AF1E2DCE51C900CA8778 /* Products */,
			);
			sourceTree = "<group>";
		};
		B458AF1E2DCE51C900CA8778 /* Products */ = {
			isa = PBXGroup;
			children = (
				B458AF1D2DCE51C900CA8778 /* Photocap.app */,
				B458AF2D2DCE51CA00CA8778 /* PhotocapTests.xctest */,
				B458AF372DCE51CA00CA8778 /* PhotocapUITests.xctest */,
			);
			name = Products;
			sourceTree = "<group>";
		};
		B458AF1F2DCE51C900CA8778 /* Photocap */ = {
			isa = PBXGroup;
			children = (
				B4FD7A5E2DCE940200E7FA40 /* Sources */,
				B458AF242DCE51CA00CA8778 /* Assets.xcassets */,
				B458AF262DCE51CA00CA8778 /* Preview Content */,
			);
			path = Photocap;
			sourceTree = "<group>";
		};
		B458AF262DCE51CA00CA8778 /* Preview Content */ = {
			isa = PBXGroup;
			children = (
				B458AF272DCE51CA00CA8778 /* Preview Assets.xcassets */,
			);
			path = "Preview Content";
			sourceTree = "<group>";
		};
		B458AF302DCE51CA00CA8778 /* PhotocapTests */ = {
			isa = PBXGroup;
			children = (
				B458AF312DCE51CA00CA8778 /* PhotocapTests.swift */,
				B4FD7A8D2DD1084100E7FA40 /* CameraServiceTests.swift */,
				B4FD7A8F2DD1087300E7FA40 /* ContentViewModelTests.swift */,
			);
			path = PhotocapTests;
			sourceTree = "<group>";
		};
		B458AF3A2DCE51CA00CA8778 /* PhotocapUITests */ = {
			isa = PBXGroup;
			children = (
				B458AF3B2DCE51CA00CA8778 /* PhotocapUITests.swift */,
				B458AF3D2DCE51CA00CA8778 /* PhotocapUITestsLaunchTests.swift */,
			);
			path = PhotocapUITests;
			sourceTree = "<group>";
		};
		B4FD7A5E2DCE940200E7FA40 /* Sources */ = {
			isa = PBXGroup;
			children = (
				B4FD7A922DD12D9C00E7FA40 /* Commons */,
				B4FD7A622DCE952500E7FA40 /* Localization */,
				B4FD7A872DD0E58800E7FA40 /* PhotocapApp.swift */,
				B4FD7A802DD0E53200E7FA40 /* Services */,
				B4FD7A912DD10FC300E7FA40 /* ViewModels */,
				B4FD7A7F2DD0E52400E7FA40 /* Views */,
			);
			path = Sources;
			sourceTree = "<group>";
		};
		B4FD7A622DCE952500E7FA40 /* Localization */ = {
			isa = PBXGroup;
			children = (
				B4FD7A632DCE955500E7FA40 /* Localizable.strings */,
			);
			path = Localization;
			sourceTree = "<group>";
		};
		B4FD7A7F2DD0E52400E7FA40 /* Views */ = {
			isa = PBXGroup;
			children = (
				B4FD7A832DD0E55700E7FA40 /* CameraPreview.swift */,
				B4FD7A852DD0E57300E7FA40 /* ContentView.swift */,
				B4FD7A892DD0F81800E7FA40 /* FramePicker.swift */,
			);
			path = Views;
			sourceTree = "<group>";
		};
		B4FD7A802DD0E53200E7FA40 /* Services */ = {
			isa = PBXGroup;
			children = (
				B4FD7A812DD0E53F00E7FA40 /* CameraService.swift */,
			);
			path = Services;
			sourceTree = "<group>";
		};
		B4FD7A912DD10FC300E7FA40 /* ViewModels */ = {
			isa = PBXGroup;
			children = (
				B4FD7A8B2DD1080900E7FA40 /* ContentViewModel.swift */,
			);
			path = ViewModels;
			sourceTree = "<group>";
		};
		B4FD7A922DD12D9C00E7FA40 /* Commons */ = {
			isa = PBXGroup;
			children = (
				B4FD7A932DD12DA700E7FA40 /* Constants.swift */,
			);
			path = Commons;
			sourceTree = "<group>";
		};
/* End PBXGroup section */

/* Begin PBXNativeTarget section */
		B458AF1C2DCE51C900CA8778 /* Photocap */ = {
			isa = PBXNativeTarget;
			buildConfigurationList = B458AF412DCE51CA00CA8778 /* Build configuration list for PBXNativeTarget "Photocap" */;
			buildPhases = (
				B458AF192DCE51C900CA8778 /* Sources */,
				B458AF1A2DCE51C900CA8778 /* Frameworks */,
				B458AF1B2DCE51C900CA8778 /* Resources */,
			);
			buildRules = (
			);
			dependencies = (
			);
			name = Photocap;
			productName = Photocap;
			productReference = B458AF1D2DCE51C900CA8778 /* Photocap.app */;
			productType = "com.apple.product-type.application";
		};
		B458AF2C2DCE51CA00CA8778 /* PhotocapTests */ = {
			isa = PBXNativeTarget;
			buildConfigurationList = B458AF442DCE51CA00CA8778 /* Build configuration list for PBXNativeTarget "PhotocapTests" */;
			buildPhases = (
				B458AF292DCE51CA00CA8778 /* Sources */,
				B458AF2A2DCE51CA00CA8778 /* Frameworks */,
				B458AF2B2DCE51CA00CA8778 /* Resources */,
			);
			buildRules = (
			);
			dependencies = (
				B458AF2F2DCE51CA00CA8778 /* PBXTargetDependency */,
			);
			name = PhotocapTests;
			productName = PhotocapTests;
			productReference = B458AF2D2DCE51CA00CA8778 /* PhotocapTests.xctest */;
			productType = "com.apple.product-type.bundle.unit-test";
		};
		B458AF362DCE51CA00CA8778 /* PhotocapUITests */ = {
			isa = PBXNativeTarget;
			buildConfigurationList = B458AF472DCE51CA00CA8778 /* Build configuration list for PBXNativeTarget "PhotocapUITests" */;
			buildPhases = (
				B458AF332DCE51CA00CA8778 /* Sources */,
				B458AF342DCE51CA00CA8778 /* Frameworks */,
				B458AF352DCE51CA00CA8778 /* Resources */,
			);
			buildRules = (
			);
			dependencies = (
				B458AF392DCE51CA00CA8778 /* PBXTargetDependency */,
			);
			name = PhotocapUITests;
			productName = PhotocapUITests;
			productReference = B458AF372DCE51CA00CA8778 /* PhotocapUITests.xctest */;
			productType = "com.apple.product-type.bundle.ui-testing";
		};
/* End PBXNativeTarget section */

/* Begin PBXProject section */
		B458AF152DCE51C800CA8778 /* Project object */ = {
			isa = PBXProject;
			attributes = {
				BuildIndependentTargetsInParallel = 1;
				LastSwiftUpdateCheck = 1530;
				LastUpgradeCheck = 1530;
				TargetAttributes = {
					B458AF1C2DCE51C900CA8778 = {
						CreatedOnToolsVersion = 15.3;
						LastSwiftMigration = 1530;
					};
					B458AF2C2DCE51CA00CA8778 = {
						CreatedOnToolsVersion = 15.3;
						TestTargetID = B458AF1C2DCE51C900CA8778;
					};
					B458AF362DCE51CA00CA8778 = {
						CreatedOnToolsVersion = 15.3;
						TestTargetID = B458AF1C2DCE51C900CA8778;
					};
				};
			};
			buildConfigurationList = B458AF182DCE51C800CA8778 /* Build configuration list for PBXProject "Photocap" */;
			compatibilityVersion = "Xcode 14.0";
			developmentRegion = en;
			hasScannedForEncodings = 0;
			knownRegions = (
				en,
				Base,
			);
			mainGroup = B458AF142DCE51C800CA8778;
			productRefGroup = B458AF1E2DCE51C900CA8778 /* Products */;
			projectDirPath = "";
			projectRoot = "";
			targets = (
				B458AF1C2DCE51C900CA8778 /* Photocap */,
				B458AF2C2DCE51CA00CA8778 /* PhotocapTests */,
				B458AF362DCE51CA00CA8778 /* PhotocapUITests */,
			);
		};
/* End PBXProject section */

/* Begin PBXResourcesBuildPhase section */
		B458AF1B2DCE51C900CA8778 /* Resources */ = {
			isa = PBXResourcesBuildPhase;
			buildActionMask = 2147483647;
			files = (
				B458AF282DCE51CA00CA8778 /* Preview Assets.xcassets in Resources */,
				B4FD7A642DCE955500E7FA40 /* Localizable.strings in Resources */,
				B458AF252DCE51CA00CA8778 /* Assets.xcassets in Resources */,
			);
			runOnlyForDeploymentPostprocessing = 0;
		};
		B458AF2B2DCE51CA00CA8778 /* Resources */ = {
			isa = PBXResourcesBuildPhase;
			buildActionMask = 2147483647;
			files = (
			);
			runOnlyForDeploymentPostprocessing = 0;
		};
		B458AF352DCE51CA00CA8778 /* Resources */ = {
			isa = PBXResourcesBuildPhase;
			buildActionMask = 2147483647;
			files = (
			);
			runOnlyForDeploymentPostprocessing = 0;
		};
/* End PBXResourcesBuildPhase section */

/* Begin PBXSourcesBuildPhase section */
		B458AF192DCE51C900CA8778 /* Sources */ = {
			isa = PBXSourcesBuildPhase;
			buildActionMask = 2147483647;
			files = (
				B4FD7A842DD0E55700E7FA40 /* CameraPreview.swift in Sources */,
				B4FD7A822DD0E53F00E7FA40 /* CameraService.swift in Sources */,
				B4FD7A862DD0E57300E7FA40 /* ContentView.swift in Sources */,
				B4FD7A8C2DD1080900E7FA40 /* ContentViewModel.swift in Sources */,
				B4FD7A942DD12DA700E7FA40 /* Constants.swift in Sources */,
				B4FD7A8A2DD0F81800E7FA40 /* FramePicker.swift in Sources */,
				B4FD7A882DD0E58800E7FA40 /* PhotocapApp.swift in Sources */,
			);
			runOnlyForDeploymentPostprocessing = 0;
		};
		B458AF292DCE51CA00CA8778 /* Sources */ = {
			isa = PBXSourcesBuildPhase;
			buildActionMask = 2147483647;
			files = (
				B4FD7A8E2DD1084100E7FA40 /* CameraServiceTests.swift in Sources */,
				B458AF322DCE51CA00CA8778 /* PhotocapTests.swift in Sources */,
				B4FD7A902DD1087300E7FA40 /* ContentViewModelTests.swift in Sources */,
			);
			runOnlyForDeploymentPostprocessing = 0;
		};
		B458AF332DCE51CA00CA8778 /* Sources */ = {
			isa = PBXSourcesBuildPhase;
			buildActionMask = 2147483647;
			files = (
				B458AF3E2DCE51CA00CA8778 /* PhotocapUITestsLaunchTests.swift in Sources */,
				B458AF3C2DCE51CA00CA8778 /* PhotocapUITests.swift in Sources */,
			);
			runOnlyForDeploymentPostprocessing = 0;
		};
/* End PBXSourcesBuildPhase section */

/* Begin PBXTargetDependency section */
		B458AF2F2DCE51CA00CA8778 /* PBXTargetDependency */ = {
			isa = PBXTargetDependency;
			target = B458AF1C2DCE51C900CA8778 /* Photocap */;
			targetProxy = B458AF2E2DCE51CA00CA8778 /* PBXContainerItemProxy */;
		};
		B458AF392DCE51CA00CA8778 /* PBXTargetDependency */ = {
			isa = PBXTargetDependency;
			target = B458AF1C2DCE51C900CA8778 /* Photocap */;
			targetProxy = B458AF382DCE51CA00CA8778 /* PBXContainerItemProxy */;
		};
/* End PBXTargetDependency section */

/* Begin XCBuildConfiguration section */
		B458AF3F2DCE51CA00CA8778 /* Debug */ = {
			isa = XCBuildConfiguration;
			buildSettings = {
				ALWAYS_SEARCH_USER_PATHS = NO;
				ASSETCATALOG_COMPILER_GENERATE_SWIFT_ASSET_SYMBOL_EXTENSIONS = YES;
				CLANG_ANALYZER_NONNULL = YES;
				CLANG_ANALYZER_NUMBER_OBJECT_CONVERSION = YES_AGGRESSIVE;
				CLANG_CXX_LANGUAGE_STANDARD = "gnu++20";
				CLANG_ENABLE_MODULES = YES;
				CLANG_ENABLE_OBJC_ARC = YES;
				CLANG_ENABLE_OBJC_WEAK = YES;
				CLANG_WARN_BLOCK_CAPTURE_AUTORELEASING = YES;
				CLANG_WARN_BOOL_CONVERSION = YES;
				CLANG_WARN_COMMA = YES;
				CLANG_WARN_CONSTANT_CONVERSION = YES;
				CLANG_WARN_DEPRECATED_OBJC_IMPLEMENTATIONS = YES;
				CLANG_WARN_DIRECT_OBJC_ISA_USAGE = YES_ERROR;
				CLANG_WARN_DOCUMENTATION_COMMENTS = YES;
				CLANG_WARN_EMPTY_BODY = YES;
				CLANG_WARN_ENUM_CONVERSION = YES;
				CLANG_WARN_INFINITE_RECURSION = YES;
				CLANG_WARN_INT_CONVERSION = YES;
				CLANG_WARN_NON_LITERAL_NULL_CONVERSION = YES;
				CLANG_WARN_OBJC_IMPLICIT_RETAIN_SELF = YES;
				CLANG_WARN_OBJC_LITERAL_CONVERSION = YES;
				CLANG_WARN_OBJC_ROOT_CLASS = YES_ERROR;
				CLANG_WARN_QUOTED_INCLUDE_IN_FRAMEWORK_HEADER = YES;
				CLANG_WARN_RANGE_LOOP_ANALYSIS = YES;
				CLANG_WARN_STRICT_PROTOTYPES = YES;
				CLANG_WARN_SUSPICIOUS_MOVE = YES;
				CLANG_WARN_UNGUARDED_AVAILABILITY = YES_AGGRESSIVE;
				CLANG_WARN_UNREACHABLE_CODE = YES;
				CLANG_WARN__DUPLICATE_METHOD_MATCH = YES;
				COPY_PHASE_STRIP = NO;
				DEBUG_INFORMATION_FORMAT = dwarf;
				ENABLE_STRICT_OBJC_MSGSEND = YES;
				ENABLE_TESTABILITY = YES;
				ENABLE_USER_SCRIPT_SANDBOXING = YES;
				GCC_C_LANGUAGE_STANDARD = gnu17;
				GCC_DYNAMIC_NO_PIC = NO;
				GCC_NO_COMMON_BLOCKS = YES;
				GCC_OPTIMIZATION_LEVEL = 0;
				GCC_PREPROCESSOR_DEFINITIONS = (
					"DEBUG=1",
					"$(inherited)",
				);
				GCC_WARN_64_TO_32_BIT_CONVERSION = YES;
				GCC_WARN_ABOUT_RETURN_TYPE = YES_ERROR;
				GCC_WARN_UNDECLARED_SELECTOR = YES;
				GCC_WARN_UNINITIALIZED_AUTOS = YES_AGGRESSIVE;
				GCC_WARN_UNUSED_FUNCTION = YES;
				GCC_WARN_UNUSED_VARIABLE = YES;
				IPHONEOS_DEPLOYMENT_TARGET = 16.0;
				LOCALIZATION_PREFERS_STRING_CATALOGS = YES;
				MTL_ENABLE_DEBUG_INFO = INCLUDE_SOURCE;
				MTL_FAST_MATH = YES;
				ONLY_ACTIVE_ARCH = YES;
				SDKROOT = iphoneos;
				SWIFT_ACTIVE_COMPILATION_CONDITIONS = "DEBUG $(inherited)";
				SWIFT_OPTIMIZATION_LEVEL = "-Onone";
			};
			name = Debug;
		};
		B458AF402DCE51CA00CA8778 /* Release */ = {
			isa = XCBuildConfiguration;
			buildSettings = {
				ALWAYS_SEARCH_USER_PATHS = NO;
				ASSETCATALOG_COMPILER_GENERATE_SWIFT_ASSET_SYMBOL_EXTENSIONS = YES;
				CLANG_ANALYZER_NONNULL = YES;
				CLANG_ANALYZER_NUMBER_OBJECT_CONVERSION = YES_AGGRESSIVE;
				CLANG_CXX_LANGUAGE_STANDARD = "gnu++20";
				CLANG_ENABLE_MODULES = YES;
				CLANG_ENABLE_OBJC_ARC = YES;
				CLANG_ENABLE_OBJC_WEAK = YES;
				CLANG_WARN_BLOCK_CAPTURE_AUTORELEASING = YES;
				CLANG_WARN_BOOL_CONVERSION = YES;
				CLANG_WARN_COMMA = YES;
				CLANG_WARN_CONSTANT_CONVERSION = YES;
				CLANG_WARN_DEPRECATED_OBJC_IMPLEMENTATIONS = YES;
				CLANG_WARN_DIRECT_OBJC_ISA_USAGE = YES_ERROR;
				CLANG_WARN_DOCUMENTATION_COMMENTS = YES;
				CLANG_WARN_EMPTY_BODY = YES;
				CLANG_WARN_ENUM_CONVERSION = YES;
				CLANG_WARN_INFINITE_RECURSION = YES;
				CLANG_WARN_INT_CONVERSION = YES;
				CLANG_WARN_NON_LITERAL_NULL_CONVERSION = YES;
				CLANG_WARN_OBJC_IMPLICIT_RETAIN_SELF = YES;
				CLANG_WARN_OBJC_LITERAL_CONVERSION = YES;
				CLANG_WARN_OBJC_ROOT_CLASS = YES_ERROR;
				CLANG_WARN_QUOTED_INCLUDE_IN_FRAMEWORK_HEADER = YES;
				CLANG_WARN_RANGE_LOOP_ANALYSIS = YES;
				CLANG_WARN_STRICT_PROTOTYPES = YES;
				CLANG_WARN_SUSPICIOUS_MOVE = YES;
				CLANG_WARN_UNGUARDED_AVAILABILITY = YES_AGGRESSIVE;
				CLANG_WARN_UNREACHABLE_CODE = YES;
				CLANG_WARN__DUPLICATE_METHOD_MATCH = YES;
				COPY_PHASE_STRIP = NO;
				DEBUG_INFORMATION_FORMAT = "dwarf-with-dsym";
				ENABLE_NS_ASSERTIONS = NO;
				ENABLE_STRICT_OBJC_MSGSEND = YES;
				ENABLE_USER_SCRIPT_SANDBOXING = YES;
				GCC_C_LANGUAGE_STANDARD = gnu17;
				GCC_NO_COMMON_BLOCKS = YES;
				GCC_WARN_64_TO_32_BIT_CONVERSION = YES;
				GCC_WARN_ABOUT_RETURN_TYPE = YES_ERROR;
				GCC_WARN_UNDECLARED_SELECTOR = YES;
				GCC_WARN_UNINITIALIZED_AUTOS = YES_AGGRESSIVE;
				GCC_WARN_UNUSED_FUNCTION = YES;
				GCC_WARN_UNUSED_VARIABLE = YES;
				IPHONEOS_DEPLOYMENT_TARGET = 16.0;
				LOCALIZATION_PREFERS_STRING_CATALOGS = YES;
				MTL_ENABLE_DEBUG_INFO = NO;
				MTL_FAST_MATH = YES;
				SDKROOT = iphoneos;
				SWIFT_COMPILATION_MODE = wholemodule;
				VALIDATE_PRODUCT = YES;
			};
			name = Release;
		};
		B458AF422DCE51CA00CA8778 /* Debug */ = {
			isa = XCBuildConfiguration;
			buildSettings = {
				ASSETCATALOG_COMPILER_APPICON_NAME = AppIcon;
				ASSETCATALOG_COMPILER_GLOBAL_ACCENT_COLOR_NAME = AccentColor;
				CLANG_ENABLE_MODULES = YES;
				CODE_SIGN_STYLE = Automatic;
				CURRENT_PROJECT_VERSION = 1;
				DEVELOPMENT_ASSET_PATHS = "\"Photocap/Preview Content\"";
				DEVELOPMENT_TEAM = 7J7X7MSP86;
				ENABLE_PREVIEWS = YES;
				GENERATE_INFOPLIST_FILE = YES;
				INFOPLIST_KEY_NSCameraUsageDescription = "This app requires camera access to capture photos and video frames.";
				INFOPLIST_KEY_NSMicrophoneUsageDescription = "This app needs access to the microphone to record audio with your videos";
				INFOPLIST_KEY_NSPhotoLibraryUsageDescription = "This app requires photo library access to save captured images.";
				INFOPLIST_KEY_UIApplicationSceneManifest_Generation = YES;
				INFOPLIST_KEY_UIApplicationSupportsIndirectInputEvents = YES;
				INFOPLIST_KEY_UILaunchScreen_Generation = YES;
				INFOPLIST_KEY_UISupportedInterfaceOrientations_iPad = "UIInterfaceOrientationPortrait UIInterfaceOrientationPortraitUpsideDown UIInterfaceOrientationLandscapeLeft UIInterfaceOrientationLandscapeRight";
				INFOPLIST_KEY_UISupportedInterfaceOrientations_iPhone = "UIInterfaceOrientationPortrait UIInterfaceOrientationLandscapeLeft UIInterfaceOrientationLandscapeRight";
				LD_RUNPATH_SEARCH_PATHS = (
					"$(inherited)",
					"@executable_path/Frameworks",
				);
				MARKETING_VERSION = 1.0;
				PRODUCT_BUNDLE_IDENTIFIER = PedroBraz.Photocap;
				PRODUCT_NAME = "$(TARGET_NAME)";
				SWIFT_EMIT_LOC_STRINGS = YES;
				SWIFT_OPTIMIZATION_LEVEL = "-Onone";
				SWIFT_VERSION = 5.0;
				TARGETED_DEVICE_FAMILY = "1,2";
			};
			name = Debug;
		};
		B458AF432DCE51CA00CA8778 /* Release */ = {
			isa = XCBuildConfiguration;
			buildSettings = {
				ASSETCATALOG_COMPILER_APPICON_NAME = AppIcon;
				ASSETCATALOG_COMPILER_GLOBAL_ACCENT_COLOR_NAME = AccentColor;
				CLANG_ENABLE_MODULES = YES;
				CODE_SIGN_STYLE = Automatic;
				CURRENT_PROJECT_VERSION = 1;
				DEVELOPMENT_ASSET_PATHS = "\"Photocap/Preview Content\"";
				DEVELOPMENT_TEAM = 7J7X7MSP86;
				ENABLE_PREVIEWS = YES;
				GENERATE_INFOPLIST_FILE = YES;
				INFOPLIST_KEY_NSCameraUsageDescription = "This app requires camera access to capture photos and video frames.";
				INFOPLIST_KEY_NSMicrophoneUsageDescription = "This app needs access to the microphone to record audio with your videos";
				INFOPLIST_KEY_NSPhotoLibraryUsageDescription = "This app requires photo library access to save captured images.";
				INFOPLIST_KEY_UIApplicationSceneManifest_Generation = YES;
				INFOPLIST_KEY_UIApplicationSupportsIndirectInputEvents = YES;
				INFOPLIST_KEY_UILaunchScreen_Generation = YES;
				INFOPLIST_KEY_UISupportedInterfaceOrientations_iPad = "UIInterfaceOrientationPortrait UIInterfaceOrientationPortraitUpsideDown UIInterfaceOrientationLandscapeLeft UIInterfaceOrientationLandscapeRight";
				INFOPLIST_KEY_UISupportedInterfaceOrientations_iPhone = "UIInterfaceOrientationPortrait UIInterfaceOrientationLandscapeLeft UIInterfaceOrientationLandscapeRight";
				LD_RUNPATH_SEARCH_PATHS = (
					"$(inherited)",
					"@executable_path/Frameworks",
				);
				MARKETING_VERSION = 1.0;
				PRODUCT_BUNDLE_IDENTIFIER = PedroBraz.Photocap;
				PRODUCT_NAME = "$(TARGET_NAME)";
				SWIFT_EMIT_LOC_STRINGS = YES;
				SWIFT_VERSION = 5.0;
				TARGETED_DEVICE_FAMILY = "1,2";
			};
			name = Release;
		};
		B458AF452DCE51CA00CA8778 /* Debug */ = {
			isa = XCBuildConfiguration;
			buildSettings = {
				ALWAYS_EMBED_SWIFT_STANDARD_LIBRARIES = YES;
				BUNDLE_LOADER = "$(TEST_HOST)";
				CODE_SIGN_STYLE = Automatic;
				CURRENT_PROJECT_VERSION = 1;
				DEVELOPMENT_TEAM = 7J7X7MSP86;
				GENERATE_INFOPLIST_FILE = YES;
				IPHONEOS_DEPLOYMENT_TARGET = 17.4;
				MARKETING_VERSION = 1.0;
				PRODUCT_BUNDLE_IDENTIFIER = PedroBraz.PhotocapTests;
				PRODUCT_NAME = "$(TARGET_NAME)";
				SWIFT_EMIT_LOC_STRINGS = NO;
				SWIFT_VERSION = 5.0;
				TARGETED_DEVICE_FAMILY = "1,2";
				TEST_HOST = "$(BUILT_PRODUCTS_DIR)/Photocap.app/$(BUNDLE_EXECUTABLE_FOLDER_PATH)/Photocap";
			};
			name = Debug;
		};
		B458AF462DCE51CA00CA8778 /* Release */ = {
			isa = XCBuildConfiguration;
			buildSettings = {
				ALWAYS_EMBED_SWIFT_STANDARD_LIBRARIES = YES;
				BUNDLE_LOADER = "$(TEST_HOST)";
				CODE_SIGN_STYLE = Automatic;
				CURRENT_PROJECT_VERSION = 1;
				DEVELOPMENT_TEAM = 7J7X7MSP86;
				GENERATE_INFOPLIST_FILE = YES;
				IPHONEOS_DEPLOYMENT_TARGET = 17.4;
				MARKETING_VERSION = 1.0;
				PRODUCT_BUNDLE_IDENTIFIER = PedroBraz.PhotocapTests;
				PRODUCT_NAME = "$(TARGET_NAME)";
				SWIFT_EMIT_LOC_STRINGS = NO;
				SWIFT_VERSION = 5.0;
				TARGETED_DEVICE_FAMILY = "1,2";
				TEST_HOST = "$(BUILT_PRODUCTS_DIR)/Photocap.app/$(BUNDLE_EXECUTABLE_FOLDER_PATH)/Photocap";
			};
			name = Release;
		};
		B458AF482DCE51CA00CA8778 /* Debug */ = {
			isa = XCBuildConfiguration;
			buildSettings = {
				ALWAYS_EMBED_SWIFT_STANDARD_LIBRARIES = YES;
				CODE_SIGN_STYLE = Automatic;
				CURRENT_PROJECT_VERSION = 1;
				DEVELOPMENT_TEAM = 7J7X7MSP86;
				GENERATE_INFOPLIST_FILE = YES;
				MARKETING_VERSION = 1.0;
				PRODUCT_BUNDLE_IDENTIFIER = PedroBraz.PhotocapUITests;
				PRODUCT_NAME = "$(TARGET_NAME)";
				SWIFT_EMIT_LOC_STRINGS = NO;
				SWIFT_VERSION = 5.0;
				TARGETED_DEVICE_FAMILY = "1,2";
				TEST_TARGET_NAME = Photocap;
			};
			name = Debug;
		};
		B458AF492DCE51CA00CA8778 /* Release */ = {
			isa = XCBuildConfiguration;
			buildSettings = {
				ALWAYS_EMBED_SWIFT_STANDARD_LIBRARIES = YES;
				CODE_SIGN_STYLE = Automatic;
				CURRENT_PROJECT_VERSION = 1;
				DEVELOPMENT_TEAM = 7J7X7MSP86;
				GENERATE_INFOPLIST_FILE = YES;
				MARKETING_VERSION = 1.0;
				PRODUCT_BUNDLE_IDENTIFIER = PedroBraz.PhotocapUITests;
				PRODUCT_NAME = "$(TARGET_NAME)";
				SWIFT_EMIT_LOC_STRINGS = NO;
				SWIFT_VERSION = 5.0;
				TARGETED_DEVICE_FAMILY = "1,2";
				TEST_TARGET_NAME = Photocap;
			};
			name = Release;
		};
/* End XCBuildConfiguration section */

/* Begin XCConfigurationList section */
		B458AF182DCE51C800CA8778 /* Build configuration list for PBXProject "Photocap" */ = {
			isa = XCConfigurationList;
			buildConfigurations = (
				B458AF3F2DCE51CA00CA8778 /* Debug */,
				B458AF402DCE51CA00CA8778 /* Release */,
			);
			defaultConfigurationIsVisible = 0;
			defaultConfigurationName = Release;
		};
		B458AF412DCE51CA00CA8778 /* Build configuration list for PBXNativeTarget "Photocap" */ = {
			isa = XCConfigurationList;
			buildConfigurations = (
				B458AF422DCE51CA00CA8778 /* Debug */,
				B458AF432DCE51CA00CA8778 /* Release */,
			);
			defaultConfigurationIsVisible = 0;
			defaultConfigurationName = Release;
		};
		B458AF442DCE51CA00CA8778 /* Build configuration list for PBXNativeTarget "PhotocapTests" */ = {
			isa = XCConfigurationList;
			buildConfigurations = (
				B458AF452DCE51CA00CA8778 /* Debug */,
				B458AF462DCE51CA00CA8778 /* Release */,
			);
			defaultConfigurationIsVisible = 0;
			defaultConfigurationName = Release;
		};
		B458AF472DCE51CA00CA8778 /* Build configuration list for PBXNativeTarget "PhotocapUITests" */ = {
			isa = XCConfigurationList;
			buildConfigurations = (
				B458AF482DCE51CA00CA8778 /* Debug */,
				B458AF492DCE51CA00CA8778 /* Release */,
			);
			defaultConfigurationIsVisible = 0;
			defaultConfigurationName = Release;
		};
/* End XCConfigurationList section */
	};
	rootObject = B458AF152DCE51C800CA8778 /* Project object */;
}
